
Microsoft Visual Studio Solution File, Format Version 12.00
# Visual Studio Version 17
VisualStudioVersion = 17.14.36414.22
MinimumVisualStudioVersion = 10.0.40219.1
Project("{2150E333-8FDC-42A3-9474-1A3956D46DE8}") = "Task0", "Task0", "{02EA681E-C7D8-13C7-8484-4AC65E1B71E8}"
EndProject
Project("{FAE04EC0-301F-11D3-BF4B-00C04F79EFBC}") = "Tyuiu.MolokanovNK.Sprint3.Task0.V6", "Tyuiu.MolokanovNK.Sprint3.Task0.V6\Tyuiu.MolokanovNK.Sprint3.Task0.V6.csproj", "{50773923-BB51-48E3-954E-BD31A397919A}"
EndProject
Project("{FAE04EC0-301F-11D3-BF4B-00C04F79EFBC}") = "Tyuiu.MolokanovNK.Sprint3.Task0.V6.Lib", "Tyuiu.MolokanovNK.Sprint3.Task0.V6.Lib\Tyuiu.MolokanovNK.Sprint3.Task0.V6.Lib.csproj", "{646832B5-B85E-4F59-9814-7FA61766D57B}"
EndProject
Project("{FAE04EC0-301F-11D3-BF4B-00C04F79EFBC}") = "Tyuiu.MolokanovNK.Sprint3.Task0.V6.Test", "Tyuiu.MolokanovNK.Sprint3.Task0.V6.Test\Tyuiu.MolokanovNK.Sprint3.Task0.V6.Test.csproj", "{5A06289E-F668-48C8-8E0E-6CD2BC8F1E33}"
EndProject
Project("{2150E333-8FDC-42A3-9474-1A3956D46DE8}") = "Task1", "Task1", "{034E0443-996A-405A-9249-61CE6C3C2CB9}"
EndProject
Project("{FAE04EC0-301F-11D3-BF4B-00C04F79EFBC}") = "Tyuiu.MolokanovNK.Sprint3.Task1.V15", "Tyuiu.MolokanovNK.Sprint3.Task1.V15\Tyuiu.MolokanovNK.Sprint3.Task1.V15.csproj", "{E07A280A-6AD4-48E7-982D-206D23EBBE25}"
EndProject
Project("{FAE04EC0-301F-11D3-BF4B-00C04F79EFBC}") = "Tyuiu.MolokanovNK.Sprint3.Task1.V15.Lib", "Tyuiu.MolokanovNK.Sprint3.Task1.V15.Lib\Tyuiu.MolokanovNK.Sprint3.Task1.V15.Lib.csproj", "{D444B1BB-A95B-4E06-9D9A-273A4565A637}"
EndProject
Project("{FAE04EC0-301F-11D3-BF4B-00C04F79EFBC}") = "Tyuiu.MolokanovNK.Sprint3.Task1.V15.Test", "Tyuiu.MolokanovNK.Sprint3.Task1.V15.Test\Tyuiu.MolokanovNK.Sprint3.Task1.V15.Test.csproj", "{DD8ADA18-13E9-45FE-9E27-2842100388DE}"
EndProject
Project("{2150E333-8FDC-42A3-9474-1A3956D46DE8}") = "Task2", "Task2", "{11261293-7614-4103-880C-27E06B749D73}"
EndProject
Project("{FAE04EC0-301F-11D3-BF4B-00C04F79EFBC}") = "Tyuiu.MolokanovNK.Sprint3.Task2.V2", "Tyuiu.MolokanovNK.Sprint3.Task2.V2\Tyuiu.MolokanovNK.Sprint3.Task2.V2.csproj", "{B5C0DB06-525B-4592-9499-13715FDFB375}"
EndProject
Project("{FAE04EC0-301F-11D3-BF4B-00C04F79EFBC}") = "Tyuiu.MolokanovNK.Sprint3.Task2.V2.Lib", "Tyuiu.MolokanovNK.Sprint3.Task2.V2.Lib\Tyuiu.MolokanovNK.Sprint3.Task2.V2.Lib.csproj", "{EB0FE390-6B9F-40E5-9988-29914495838E}"
EndProject
Project("{FAE04EC0-301F-11D3-BF4B-00C04F79EFBC}") = "Tyuiu.MolokanovNK.Sprint3.Task2.V2.Test", "Tyuiu.MolokanovNK.Sprint3.Task2.V2.Test\Tyuiu.MolokanovNK.Sprint3.Task2.V2.Test.csproj", "{45105615-E711-4B2D-8A94-49CFC6625D8A}"
EndProject
Project("{2150E333-8FDC-42A3-9474-1A3956D46DE8}") = "Task3", "Task3", "{9622D6B9-8566-4820-ACDE-12EEA88736CF}"
EndProject
Project("{FAE04EC0-301F-11D3-BF4B-00C04F79EFBC}") = "Tyuiu.MolokanovNK.Sprint3.Task3.V28", "Tyuiu.MolokanovNK.Sprint3.Task3.V28\Tyuiu.MolokanovNK.Sprint3.Task3.V28.csproj", "{80F006E5-E3B9-4E77-B3A0-5A8C9C102957}"
EndProject
Project("{FAE04EC0-301F-11D3-BF4B-00C04F79EFBC}") = "Tyuiu.MolokanovNK.Sprint3.Task3.V28.Lib", "Tyuiu.MolokanovNK.Sprint3.Task3.V28.Lib\Tyuiu.MolokanovNK.Sprint3.Task3.V28.Lib.csproj", "{C9CC644D-7A93-4171-98E7-BB8801CF8AC4}"
EndProject
Project("{FAE04EC0-301F-11D3-BF4B-00C04F79EFBC}") = "Tyuiu.MolokanovNK.Sprint3.Task3.V28.Test", "Tyuiu.MolokanovNK.Sprint3.Task3.V28.Test\Tyuiu.MolokanovNK.Sprint3.Task3.V28.Test.csproj", "{6C1EE1DB-6A36-4127-BACE-D2F6A83ADF21}"
EndProject
Project("{2150E333-8FDC-42A3-9474-1A3956D46DE8}") = "Task4", "Task4", "{A32F8E90-6E6E-4B11-833C-EBCD65D19FE5}"
EndProject
Project("{FAE04EC0-301F-11D3-BF4B-00C04F79EFBC}") = "Tyuiu.MolokanovNK.Sprint3.Task4.V24", "Tyuiu.MolokanovNK.Sprint3.Task4.V24\Tyuiu.MolokanovNK.Sprint3.Task4.V24.csproj", "{AD244586-7112-45E3-AAE0-EEB1D28A7974}"
EndProject
Project("{FAE04EC0-301F-11D3-BF4B-00C04F79EFBC}") = "Tyuiu.MolokanovNK.Sprint3.Task4.V24.Lib", "Tyuiu.MolokanovNK.Sprint3.Task4.V24.Lib\Tyuiu.MolokanovNK.Sprint3.Task4.V24.Lib.csproj", "{B11E3B0D-F4C5-4715-801F-F86739F07A78}"
EndProject
Project("{FAE04EC0-301F-11D3-BF4B-00C04F79EFBC}") = "Tyuiu.MolokanovNK.Sprint3.Task4.V24.Test", "Tyuiu.MolokanovNK.Sprint3.Task4.V24.Test\Tyuiu.MolokanovNK.Sprint3.Task4.V24.Test.csproj", "{695F1746-56C6-4CC8-B53A-81FC1E9E53F2}"
EndProject
Project("{2150E333-8FDC-42A3-9474-1A3956D46DE8}") = "Task5", "Task5", "{A84B93DC-3FA1-43BF-88B1-5015269A5376}"
EndProject
Project("{FAE04EC0-301F-11D3-BF4B-00C04F79EFBC}") = "Tyuiu.MolokanovNK.Sprint3.Task5.V19", "Tyuiu.MolokanovNK.Sprint3.Task5.V19\Tyuiu.MolokanovNK.Sprint3.Task5.V19.csproj", "{D9F8B370-DC9D-4A7E-B41A-A51AB7A3AE8A}"
EndProject
Project("{FAE04EC0-301F-11D3-BF4B-00C04F79EFBC}") = "Tyuiu.MolokanovNK.Sprint3.Task5.V19.Lib", "Tyuiu.MolokanovNK.Sprint3.Task5.V19.Lib\Tyuiu.MolokanovNK.Sprint3.Task5.V19.Lib.csproj", "{E487680B-01D2-4D1C-B582-AF00C65648E6}"
EndProject
Project("{FAE04EC0-301F-11D3-BF4B-00C04F79EFBC}") = "Tyuiu.MolokanovNK.Sprint3.Task5.V19.Test", "Tyuiu.MolokanovNK.Sprint3.Task5.V19.Test\Tyuiu.MolokanovNK.Sprint3.Task5.V19.Test.csproj", "{57ADE212-AC7C-473E-992A-4B036AB8FE18}"
EndProject
Project("{2150E333-8FDC-42A3-9474-1A3956D46DE8}") = "Task6", "Task6", "{026A0B36-C8EB-4D99-B490-F718AA1070A1}"
EndProject
Project("{FAE04EC0-301F-11D3-BF4B-00C04F79EFBC}") = "Tyuiu.MolokanovNK.Sprint3.Task6.V26", "Tyuiu.MolokanovNK.Sprint3.Task6.V26\Tyuiu.MolokanovNK.Sprint3.Task6.V26.csproj", "{76B9C0ED-83D3-4B55-8A74-CB687F8EF5A7}"
EndProject
Project("{FAE04EC0-301F-11D3-BF4B-00C04F79EFBC}") = "Tyuiu.MolokanovNK.Sprint3.Task6.V26.Lib", "Tyuiu.MolokanovNK.Sprint3.Task6.V26.Lib\Tyuiu.MolokanovNK.Sprint3.Task6.V26.Lib.csproj", "{FCB31342-1AE5-4081-9284-5DE20F9EA92F}"
EndProject
Project("{FAE04EC0-301F-11D3-BF4B-00C04F79EFBC}") = "Tyuiu.MolokanovNK.Sprint3.Task6.V26.Test", "Tyuiu.MolokanovNK.Sprint3.Task6.V26.Test\Tyuiu.MolokanovNK.Sprint3.Task6.V26.Test.csproj", "{68CC6068-2AA2-445F-BB97-87DF52D19216}"
EndProject
Project("{2150E333-8FDC-42A3-9474-1A3956D46DE8}") = "Task7", "Task7", "{3BE32DF5-5167-430E-8948-C84E18DA1176}"
EndProject
Project("{FAE04EC0-301F-11D3-BF4B-00C04F79EFBC}") = "Tyuiu.MolokanovNK.Sprint3.Task7.V25", "Tyuiu.MolokanovNK.Sprint3.Task7.V25\Tyuiu.MolokanovNK.Sprint3.Task7.V25.csproj", "{90562A02-7F19-4297-A742-35D84151BB3B}"
EndProject
Project("{FAE04EC0-301F-11D3-BF4B-00C04F79EFBC}") = "Tyuiu.MolokanovNK.Sprint3.Task7.V25.Lib", "Tyuiu.MolokanovNK.Sprint3.Task7.V25.Lib\Tyuiu.MolokanovNK.Sprint3.Task7.V25.Lib.csproj", "{49202B8E-892D-4AB4-994B-094016BF9EE0}"
EndProject
Project("{FAE04EC0-301F-11D3-BF4B-00C04F79EFBC}") = "Tyuiu.MolokanovNK.Sprint3.Task7.V25.Test", "Tyuiu.MolokanovNK.Sprint3.Task7.V25.Test\Tyuiu.MolokanovNK.Sprint3.Task7.V25.Test.csproj", "{2D56F9DA-3777-4ED1-ADAF-99C2578C3865}"
EndProject
Global
	GlobalSection(SolutionConfigurationPlatforms) = preSolution
		Debug|Any CPU = Debug|Any CPU
		Release|Any CPU = Release|Any CPU
	EndGlobalSection
	GlobalSection(ProjectConfigurationPlatforms) = postSolution
		{50773923-BB51-48E3-954E-BD31A397919A}.Debug|Any CPU.ActiveCfg = Debug|Any CPU
		{50773923-BB51-48E3-954E-BD31A397919A}.Debug|Any CPU.Build.0 = Debug|Any CPU
		{50773923-BB51-48E3-954E-BD31A397919A}.Release|Any CPU.ActiveCfg = Release|Any CPU
		{50773923-BB51-48E3-954E-BD31A397919A}.Release|Any CPU.Build.0 = Release|Any CPU
		{646832B5-B85E-4F59-9814-7FA61766D57B}.Debug|Any CPU.ActiveCfg = Debug|Any CPU
		{646832B5-B85E-4F59-9814-7FA61766D57B}.Debug|Any CPU.Build.0 = Debug|Any CPU
		{646832B5-B85E-4F59-9814-7FA61766D57B}.Release|Any CPU.ActiveCfg = Release|Any CPU
		{646832B5-B85E-4F59-9814-7FA61766D57B}.Release|Any CPU.Build.0 = Release|Any CPU
		{5A06289E-F668-48C8-8E0E-6CD2BC8F1E33}.Debug|Any CPU.ActiveCfg = Debug|Any CPU
		{5A06289E-F668-48C8-8E0E-6CD2BC8F1E33}.Debug|Any CPU.Build.0 = Debug|Any CPU
		{5A06289E-F668-48C8-8E0E-6CD2BC8F1E33}.Release|Any CPU.ActiveCfg = Release|Any CPU
		{5A06289E-F668-48C8-8E0E-6CD2BC8F1E33}.Release|Any CPU.Build.0 = Release|Any CPU
		{E07A280A-6AD4-48E7-982D-206D23EBBE25}.Debug|Any CPU.ActiveCfg = Debug|Any CPU
		{E07A280A-6AD4-48E7-982D-206D23EBBE25}.Debug|Any CPU.Build.0 = Debug|Any CPU
		{E07A280A-6AD4-48E7-982D-206D23EBBE25}.Release|Any CPU.ActiveCfg = Release|Any CPU
		{E07A280A-6AD4-48E7-982D-206D23EBBE25}.Release|Any CPU.Build.0 = Release|Any CPU
		{D444B1BB-A95B-4E06-9D9A-273A4565A637}.Debug|Any CPU.ActiveCfg = Debug|Any CPU
		{D444B1BB-A95B-4E06-9D9A-273A4565A637}.Debug|Any CPU.Build.0 = Debug|Any CPU
		{D444B1BB-A95B-4E06-9D9A-273A4565A637}.Release|Any CPU.ActiveCfg = Release|Any CPU
		{D444B1BB-A95B-4E06-9D9A-273A4565A637}.Release|Any CPU.Build.0 = Release|Any CPU
		{DD8ADA18-13E9-45FE-9E27-2842100388DE}.Debug|Any CPU.ActiveCfg = Debug|Any CPU
		{DD8ADA18-13E9-45FE-9E27-2842100388DE}.Debug|Any CPU.Build.0 = Debug|Any CPU
		{DD8ADA18-13E9-45FE-9E27-2842100388DE}.Release|Any CPU.ActiveCfg = Release|Any CPU
		{DD8ADA18-13E9-45FE-9E27-2842100388DE}.Release|Any CPU.Build.0 = Release|Any CPU
		{B5C0DB06-525B-4592-9499-13715FDFB375}.Debug|Any CPU.ActiveCfg = Debug|Any CPU
		{B5C0DB06-525B-4592-9499-13715FDFB375}.Debug|Any CPU.Build.0 = Debug|Any CPU
		{B5C0DB06-525B-4592-9499-13715FDFB375}.Release|Any CPU.ActiveCfg = Release|Any CPU
		{B5C0DB06-525B-4592-9499-13715FDFB375}.Release|Any CPU.Build.0 = Release|Any CPU
		{EB0FE390-6B9F-40E5-9988-29914495838E}.Debug|Any CPU.ActiveCfg = Debug|Any CPU
		{EB0FE390-6B9F-40E5-9988-29914495838E}.Debug|Any CPU.Build.0 = Debug|Any CPU
		{EB0FE390-6B9F-40E5-9988-29914495838E}.Release|Any CPU.ActiveCfg = Release|Any CPU
		{EB0FE390-6B9F-40E5-9988-29914495838E}.Release|Any CPU.Build.0 = Release|Any CPU
		{45105615-E711-4B2D-8A94-49CFC6625D8A}.Debug|Any CPU.ActiveCfg = Debug|Any CPU
		{45105615-E711-4B2D-8A94-49CFC6625D8A}.Debug|Any CPU.Build.0 = Debug|Any CPU
		{45105615-E711-4B2D-8A94-49CFC6625D8A}.Release|Any CPU.ActiveCfg = Release|Any CPU
		{45105615-E711-4B2D-8A94-49CFC6625D8A}.Release|Any CPU.Build.0 = Release|Any CPU
		{80F006E5-E3B9-4E77-B3A0-5A8C9C102957}.Debug|Any CPU.ActiveCfg = Debug|Any CPU
		{80F006E5-E3B9-4E77-B3A0-5A8C9C102957}.Debug|Any CPU.Build.0 = Debug|Any CPU
		{80F006E5-E3B9-4E77-B3A0-5A8C9C102957}.Release|Any CPU.ActiveCfg = Release|Any CPU
		{80F006E5-E3B9-4E77-B3A0-5A8C9C102957}.Release|Any CPU.Build.0 = Release|Any CPU
		{C9CC644D-7A93-4171-98E7-BB8801CF8AC4}.Debug|Any CPU.ActiveCfg = Debug|Any CPU
		{C9CC644D-7A93-4171-98E7-BB8801CF8AC4}.Debug|Any CPU.Build.0 = Debug|Any CPU
		{C9CC644D-7A93-4171-98E7-BB8801CF8AC4}.Release|Any CPU.ActiveCfg = Release|Any CPU
		{C9CC644D-7A93-4171-98E7-BB8801CF8AC4}.Release|Any CPU.Build.0 = Release|Any CPU
		{6C1EE1DB-6A36-4127-BACE-D2F6A83ADF21}.Debug|Any CPU.ActiveCfg = Debug|Any CPU
		{6C1EE1DB-6A36-4127-BACE-D2F6A83ADF21}.Debug|Any CPU.Build.0 = Debug|Any CPU
		{6C1EE1DB-6A36-4127-BACE-D2F6A83ADF21}.Release|Any CPU.ActiveCfg = Release|Any CPU
		{6C1EE1DB-6A36-4127-BACE-D2F6A83ADF21}.Release|Any CPU.Build.0 = Release|Any CPU
		{AD244586-7112-45E3-AAE0-EEB1D28A7974}.Debug|Any CPU.ActiveCfg = Debug|Any CPU
		{AD244586-7112-45E3-AAE0-EEB1D28A7974}.Debug|Any CPU.Build.0 = Debug|Any CPU
		{AD244586-7112-45E3-AAE0-EEB1D28A7974}.Release|Any CPU.ActiveCfg = Release|Any CPU
		{AD244586-7112-45E3-AAE0-EEB1D28A7974}.Release|Any CPU.Build.0 = Release|Any CPU
		{B11E3B0D-F4C5-4715-801F-F86739F07A78}.Debug|Any CPU.ActiveCfg = Debug|Any CPU
		{B11E3B0D-F4C5-4715-801F-F86739F07A78}.Debug|Any CPU.Build.0 = Debug|Any CPU
		{B11E3B0D-F4C5-4715-801F-F86739F07A78}.Release|Any CPU.ActiveCfg = Release|Any CPU
		{B11E3B0D-F4C5-4715-801F-F86739F07A78}.Release|Any CPU.Build.0 = Release|Any CPU
		{695F1746-56C6-4CC8-B53A-81FC1E9E53F2}.Debug|Any CPU.ActiveCfg = Debug|Any CPU
		{695F1746-56C6-4CC8-B53A-81FC1E9E53F2}.Debug|Any CPU.Build.0 = Debug|Any CPU
		{695F1746-56C6-4CC8-B53A-81FC1E9E53F2}.Release|Any CPU.ActiveCfg = Release|Any CPU
		{695F1746-56C6-4CC8-B53A-81FC1E9E53F2}.Release|Any CPU.Build.0 = Release|Any CPU
		{D9F8B370-DC9D-4A7E-B41A-A51AB7A3AE8A}.Debug|Any CPU.ActiveCfg = Debug|Any CPU
		{D9F8B370-DC9D-4A7E-B41A-A51AB7A3AE8A}.Debug|Any CPU.Build.0 = Debug|Any CPU
		{D9F8B370-DC9D-4A7E-B41A-A51AB7A3AE8A}.Release|Any CPU.ActiveCfg = Release|Any CPU
		{D9F8B370-DC9D-4A7E-B41A-A51AB7A3AE8A}.Release|Any CPU.Build.0 = Release|Any CPU
		{E487680B-01D2-4D1C-B582-AF00C65648E6}.Debug|Any CPU.ActiveCfg = Debug|Any CPU
		{E487680B-01D2-4D1C-B582-AF00C65648E6}.Debug|Any CPU.Build.0 = Debug|Any CPU
		{E487680B-01D2-4D1C-B582-AF00C65648E6}.Release|Any CPU.ActiveCfg = Release|Any CPU
		{E487680B-01D2-4D1C-B582-AF00C65648E6}.Release|Any CPU.Build.0 = Release|Any CPU
		{57ADE212-AC7C-473E-992A-4B036AB8FE18}.Debug|Any CPU.ActiveCfg = Debug|Any CPU
		{57ADE212-AC7C-473E-992A-4B036AB8FE18}.Debug|Any CPU.Build.0 = Debug|Any CPU
		{57ADE212-AC7C-473E-992A-4B036AB8FE18}.Release|Any CPU.ActiveCfg = Release|Any CPU
		{57ADE212-AC7C-473E-992A-4B036AB8FE18}.Release|Any CPU.Build.0 = Release|Any CPU
		{76B9C0ED-83D3-4B55-8A74-CB687F8EF5A7}.Debug|Any CPU.ActiveCfg = Debug|Any CPU
		{76B9C0ED-83D3-4B55-8A74-CB687F8EF5A7}.Debug|Any CPU.Build.0 = Debug|Any CPU
		{76B9C0ED-83D3-4B55-8A74-CB687F8EF5A7}.Release|Any CPU.ActiveCfg = Release|Any CPU
		{76B9C0ED-83D3-4B55-8A74-CB687F8EF5A7}.Release|Any CPU.Build.0 = Release|Any CPU
		{FCB31342-1AE5-4081-9284-5DE20F9EA92F}.Debug|Any CPU.ActiveCfg = Debug|Any CPU
		{FCB31342-1AE5-4081-9284-5DE20F9EA92F}.Debug|Any CPU.Build.0 = Debug|Any CPU
		{FCB31342-1AE5-4081-9284-5DE20F9EA92F}.Release|Any CPU.ActiveCfg = Release|Any CPU
		{FCB31342-1AE5-4081-9284-5DE20F9EA92F}.Release|Any CPU.Build.0 = Release|Any CPU
		{68CC6068-2AA2-445F-BB97-87DF52D19216}.Debug|Any CPU.ActiveCfg = Debug|Any CPU
		{68CC6068-2AA2-445F-BB97-87DF52D19216}.Debug|Any CPU.Build.0 = Debug|Any CPU
		{68CC6068-2AA2-445F-BB97-87DF52D19216}.Release|Any CPU.ActiveCfg = Release|Any CPU
		{68CC6068-2AA2-445F-BB97-87DF52D19216}.Release|Any CPU.Build.0 = Release|Any CPU
		{90562A02-7F19-4297-A742-35D84151BB3B}.Debug|Any CPU.ActiveCfg = Debug|Any CPU
		{90562A02-7F19-4297-A742-35D84151BB3B}.Debug|Any CPU.Build.0 = Debug|Any CPU
		{90562A02-7F19-4297-A742-35D84151BB3B}.Release|Any CPU.ActiveCfg = Release|Any CPU
		{90562A02-7F19-4297-A742-35D84151BB3B}.Release|Any CPU.Build.0 = Release|Any CPU
		{49202B8E-892D-4AB4-994B-094016BF9EE0}.Debug|Any CPU.ActiveCfg = Debug|Any CPU
		{49202B8E-892D-4AB4-994B-094016BF9EE0}.Debug|Any CPU.Build.0 = Debug|Any CPU
		{49202B8E-892D-4AB4-994B-094016BF9EE0}.Release|Any CPU.ActiveCfg = Release|Any CPU
		{49202B8E-892D-4AB4-994B-094016BF9EE0}.Release|Any CPU.Build.0 = Release|Any CPU
		{2D56F9DA-3777-4ED1-ADAF-99C2578C3865}.Debug|Any CPU.ActiveCfg = Debug|Any CPU
		{2D56F9DA-3777-4ED1-ADAF-99C2578C3865}.Debug|Any CPU.Build.0 = Debug|Any CPU
		{2D56F9DA-3777-4ED1-ADAF-99C2578C3865}.Release|Any CPU.ActiveCfg = Release|Any CPU
		{2D56F9DA-3777-4ED1-ADAF-99C2578C3865}.Release|Any CPU.Build.0 = Release|Any CPU
	EndGlobalSection
	GlobalSection(SolutionProperties) = preSolution
		HideSolutionNode = FALSE
	EndGlobalSection
	GlobalSection(NestedProjects) = preSolution
		{50773923-BB51-48E3-954E-BD31A397919A} = {02EA681E-C7D8-13C7-8484-4AC65E1B71E8}
		{646832B5-B85E-4F59-9814-7FA61766D57B} = {02EA681E-C7D8-13C7-8484-4AC65E1B71E8}
		{5A06289E-F668-48C8-8E0E-6CD2BC8F1E33} = {02EA681E-C7D8-13C7-8484-4AC65E1B71E8}
		{E07A280A-6AD4-48E7-982D-206D23EBBE25} = {034E0443-996A-405A-9249-61CE6C3C2CB9}
		{D444B1BB-A95B-4E06-9D9A-273A4565A637} = {034E0443-996A-405A-9249-61CE6C3C2CB9}
		{DD8ADA18-13E9-45FE-9E27-2842100388DE} = {034E0443-996A-405A-9249-61CE6C3C2CB9}
		{B5C0DB06-525B-4592-9499-13715FDFB375} = {11261293-7614-4103-880C-27E06B749D73}
		{EB0FE390-6B9F-40E5-9988-29914495838E} = {11261293-7614-4103-880C-27E06B749D73}
		{45105615-E711-4B2D-8A94-49CFC6625D8A} = {11261293-7614-4103-880C-27E06B749D73}
		{80F006E5-E3B9-4E77-B3A0-5A8C9C102957} = {9622D6B9-8566-4820-ACDE-12EEA88736CF}
		{C9CC644D-7A93-4171-98E7-BB8801CF8AC4} = {9622D6B9-8566-4820-ACDE-12EEA88736CF}
		{6C1EE1DB-6A36-4127-BACE-D2F6A83ADF21} = {9622D6B9-8566-4820-ACDE-12EEA88736CF}
		{AD244586-7112-45E3-AAE0-EEB1D28A7974} = {A32F8E90-6E6E-4B11-833C-EBCD65D19FE5}
		{B11E3B0D-F4C5-4715-801F-F86739F07A78} = {A32F8E90-6E6E-4B11-833C-EBCD65D19FE5}
		{695F1746-56C6-4CC8-B53A-81FC1E9E53F2} = {A32F8E90-6E6E-4B11-833C-EBCD65D19FE5}
		{D9F8B370-DC9D-4A7E-B41A-A51AB7A3AE8A} = {A84B93DC-3FA1-43BF-88B1-5015269A5376}
		{E487680B-01D2-4D1C-B582-AF00C65648E6} = {A84B93DC-3FA1-43BF-88B1-5015269A5376}
		{57ADE212-AC7C-473E-992A-4B036AB8FE18} = {A84B93DC-3FA1-43BF-88B1-5015269A5376}
		{76B9C0ED-83D3-4B55-8A74-CB687F8EF5A7} = {026A0B36-C8EB-4D99-B490-F718AA1070A1}
		{FCB31342-1AE5-4081-9284-5DE20F9EA92F} = {026A0B36-C8EB-4D99-B490-F718AA1070A1}
		{68CC6068-2AA2-445F-BB97-87DF52D19216} = {026A0B36-C8EB-4D99-B490-F718AA1070A1}
		{90562A02-7F19-4297-A742-35D84151BB3B} = {3BE32DF5-5167-430E-8948-C84E18DA1176}
		{49202B8E-892D-4AB4-994B-094016BF9EE0} = {3BE32DF5-5167-430E-8948-C84E18DA1176}
		{2D56F9DA-3777-4ED1-ADAF-99C2578C3865} = {3BE32DF5-5167-430E-8948-C84E18DA1176}
	EndGlobalSection
	GlobalSection(ExtensibilityGlobals) = postSolution
		SolutionGuid = {133E5F7C-DCA9-4A1F-81C0-A0404F44F2BA}
	EndGlobalSection
EndGlobal
